
Microsoft Visual Studio Solution File, Format Version 12.00
# Visual Studio 14
VisualStudioVersion = 14.0.23107.0
MinimumVisualStudioVersion = 10.0.40219.1
Project("{8BC9CEB8-8B4A-11D0-8D11-00A0C91BC942}") = "client", "cl_dll\msvc\client.vcxproj", "{BE1A2217-86F6-4A6F-8AE9-86B4796C80A5}"
EndProject
Project("{8BC9CEB8-8B4A-11D0-8D11-00A0C91BC942}") = "hl", "dlls\msvc\hl.vcxproj", "{9A8C60F8-0F08-49CD-ABDB-131AAADEE359}"
EndProject
Global
	GlobalSection(SolutionConfigurationPlatforms) = preSolution
		Debug|Win32 = Debug|Win32
		Release|Win32 = Release|Win32
	EndGlobalSection
	GlobalSection(ProjectConfigurationPlatforms) = postSolution
		{BE1A2217-86F6-4A6F-8AE9-86B4796C80A5}.Debug|Win32.ActiveCfg = Debug|Win32
		{BE1A2217-86F6-4A6F-8AE9-86B4796C80A5}.Debug|Win32.Build.0 = Debug|Win32
		{BE1A2217-86F6-4A6F-8AE9-86B4796C80A5}.Release|Win32.ActiveCfg = Release|Win32
		{BE1A2217-86F6-4A6F-8AE9-86B4796C80A5}.Release|Win32.Build.0 = Release|Win32
		{9A8C60F8-0F08-49CD-ABDB-131AAADEE359}.Debug|Win32.ActiveCfg = Debug|Win32
		{9A8C60F8-0F08-49CD-ABDB-131AAADEE359}.Debug|Win32.Build.0 = Debug|Win32
		{9A8C60F8-0F08-49CD-ABDB-131AAADEE359}.Release|Win32.ActiveCfg = Release|Win32
		{9A8C60F8-0F08-49CD-ABDB-131AAADEE359}.Release|Win32.Build.0 = Release|Win32
	EndGlobalSection
	GlobalSection(SolutionProperties) = preSolution
		HideSolutionNode = FALSE
	EndGlobalSection
EndGlobal
